
Microsoft Visual Studio Solution File, Format Version 12.00
# Visual Studio Version 16
VisualStudioVersion = 16.0.29318.209
MinimumVisualStudioVersion = 10.0.40219.1
Project("{FAE04EC0-301F-11D3-BF4B-00C04F79EFBC}") = "RevisionModifier", "Task\RevisionModifier.csproj", "{79B33DE5-3F15-438C-A925-DAC62E34E3AC}"
EndProject
Global
	GlobalSection(SolutionConfigurationPlatforms) = preSolution
		Debug|Any CPU = Debug|Any CPU
		Release|Any CPU = Release|Any CPU
	EndGlobalSection
	GlobalSection(ProjectConfigurationPlatforms) = postSolution
		{79B33DE5-3F15-438C-A925-DAC62E34E3AC}.Debug|Any CPU.ActiveCfg = Debug|Any CPU
		{79B33DE5-3F15-438C-A925-DAC62E34E3AC}.Debug|Any CPU.Build.0 = Debug|Any CPU
		{79B33DE5-3F15-438C-A925-DAC62E34E3AC}.Release|Any CPU.ActiveCfg = Release|Any CPU
		{79B33DE5-3F15-438C-A925-DAC62E34E3AC}.Release|Any CPU.Build.0 = Release|Any CPU
	EndGlobalSection
	GlobalSection(SolutionProperties) = preSolution
		HideSolutionNode = FALSE
	EndGlobalSection
	GlobalSection(ExtensibilityGlobals) = postSolution
		SolutionGuid = {4CDEBCEE-3C35-40E4-B91A-0ECCC986C92D}
	EndGlobalSection
EndGlobal
